
Microsoft Visual Studio Solution File, Format Version 12.00
# Visual Studio Version 16
VisualStudioVersion = 16.0.31410.357
MinimumVisualStudioVersion = 10.0.40219.1
Project("{FAE04EC0-301F-11D3-BF4B-00C04F79EFBC}") = "PracticaParcial1", "PracticaParcial1\PracticaParcial1.csproj", "{7D7CAA5F-068A-4FB4-95E0-72650A9240FA}"
EndProject
Project("{FAE04EC0-301F-11D3-BF4B-00C04F79EFBC}") = "PracticaDomain", "PracticaDomain\PracticaDomain.csproj", "{A9C87D0B-CB63-4086-B505-7E6EEB8785CA}"
EndProject
Global
	GlobalSection(SolutionConfigurationPlatforms) = preSolution
		Debug|Any CPU = Debug|Any CPU
		Release|Any CPU = Release|Any CPU
	EndGlobalSection
	GlobalSection(ProjectConfigurationPlatforms) = postSolution
		{7D7CAA5F-068A-4FB4-95E0-72650A9240FA}.Debug|Any CPU.ActiveCfg = Debug|Any CPU
		{7D7CAA5F-068A-4FB4-95E0-72650A9240FA}.Debug|Any CPU.Build.0 = Debug|Any CPU
		{7D7CAA5F-068A-4FB4-95E0-72650A9240FA}.Release|Any CPU.ActiveCfg = Release|Any CPU
		{7D7CAA5F-068A-4FB4-95E0-72650A9240FA}.Release|Any CPU.Build.0 = Release|Any CPU
		{A9C87D0B-CB63-4086-B505-7E6EEB8785CA}.Debug|Any CPU.ActiveCfg = Debug|Any CPU
		{A9C87D0B-CB63-4086-B505-7E6EEB8785CA}.Debug|Any CPU.Build.0 = Debug|Any CPU
		{A9C87D0B-CB63-4086-B505-7E6EEB8785CA}.Release|Any CPU.ActiveCfg = Release|Any CPU
		{A9C87D0B-CB63-4086-B505-7E6EEB8785CA}.Release|Any CPU.Build.0 = Release|Any CPU
	EndGlobalSection
	GlobalSection(SolutionProperties) = preSolution
		HideSolutionNode = FALSE
	EndGlobalSection
	GlobalSection(ExtensibilityGlobals) = postSolution
		SolutionGuid = {5FDFF155-FCE8-49E2-86FC-17FE569C242F}
	EndGlobalSection
EndGlobal
